
Microsoft Visual Studio Solution File, Format Version 12.00
# Visual Studio Version 16
VisualStudioVersion = 16.0.28922.388
MinimumVisualStudioVersion = 10.0.40219.1
Project("{888888A0-9F3D-457C-B088-3A5042F75D52}") = "lesson_6_1", "lesson_6_1\lesson_6_1.pyproj", "{73259F41-DF72-48F0-944D-2887FCD848B1}"
EndProject
Global
	GlobalSection(SolutionConfigurationPlatforms) = preSolution
		Debug|Any CPU = Debug|Any CPU
		Release|Any CPU = Release|Any CPU
	EndGlobalSection
	GlobalSection(ProjectConfigurationPlatforms) = postSolution
		{73259F41-DF72-48F0-944D-2887FCD848B1}.Debug|Any CPU.ActiveCfg = Debug|Any CPU
		{73259F41-DF72-48F0-944D-2887FCD848B1}.Release|Any CPU.ActiveCfg = Release|Any CPU
	EndGlobalSection
	GlobalSection(SolutionProperties) = preSolution
		HideSolutionNode = FALSE
	EndGlobalSection
	GlobalSection(ExtensibilityGlobals) = postSolution
		SolutionGuid = {AA4F0BA2-7523-4565-A57C-CB157DFA1D88}
	EndGlobalSection
EndGlobal
