
Microsoft Visual Studio Solution File, Format Version 12.00
# Visual Studio Version 16
VisualStudioVersion = 16.0.28922.388
MinimumVisualStudioVersion = 10.0.40219.1
Project("{888888A0-9F3D-457C-B088-3A5042F75D52}") = "lesson_5_1", "lesson_5_1\lesson_5_1.pyproj", "{0D8FD89A-662A-4894-BA19-63165D7DFFD2}"
EndProject
Global
	GlobalSection(SolutionConfigurationPlatforms) = preSolution
		Debug|Any CPU = Debug|Any CPU
		Release|Any CPU = Release|Any CPU
	EndGlobalSection
	GlobalSection(ProjectConfigurationPlatforms) = postSolution
		{0D8FD89A-662A-4894-BA19-63165D7DFFD2}.Debug|Any CPU.ActiveCfg = Debug|Any CPU
		{0D8FD89A-662A-4894-BA19-63165D7DFFD2}.Release|Any CPU.ActiveCfg = Release|Any CPU
	EndGlobalSection
	GlobalSection(SolutionProperties) = preSolution
		HideSolutionNode = FALSE
	EndGlobalSection
	GlobalSection(ExtensibilityGlobals) = postSolution
		SolutionGuid = {C917CB99-3BBF-4854-9B7C-16093427FC86}
	EndGlobalSection
EndGlobal
